
Microsoft Visual Studio Solution File, Format Version 12.00
# Visual Studio Version 17
VisualStudioVersion = 17.14.36408.4 d17.14
MinimumVisualStudioVersion = 10.0.40219.1
Project("{FAE04EC0-301F-11D3-BF4B-00C04F79EFBC}") = "TemporalAmulets", "TemporalAmulets\TemporalAmulets.csproj", "{8ABAF5AC-DBB9-48DD-9E7D-EF2B410E703B}"
EndProject
Project("{FAE04EC0-301F-11D3-BF4B-00C04F79EFBC}") = "CakeBuild", "ZZCakeBuild\CakeBuild.csproj", "{37414AC6-CFA2-4BC2-99DA-EA7F7F3000CE}"
EndProject
Global
	GlobalSection(SolutionConfigurationPlatforms) = preSolution
		Debug|Any CPU = Debug|Any CPU
		Release|Any CPU = Release|Any CPU
	EndGlobalSection
	GlobalSection(ProjectConfigurationPlatforms) = postSolution
		{8ABAF5AC-DBB9-48DD-9E7D-EF2B410E703B}.Debug|Any CPU.ActiveCfg = Debug|Any CPU
		{8ABAF5AC-DBB9-48DD-9E7D-EF2B410E703B}.Debug|Any CPU.Build.0 = Debug|Any CPU
		{8ABAF5AC-DBB9-48DD-9E7D-EF2B410E703B}.Release|Any CPU.ActiveCfg = Release|Any CPU
		{8ABAF5AC-DBB9-48DD-9E7D-EF2B410E703B}.Release|Any CPU.Build.0 = Release|Any CPU
		{37414AC6-CFA2-4BC2-99DA-EA7F7F3000CE}.Debug|Any CPU.ActiveCfg = Debug|Any CPU
		{37414AC6-CFA2-4BC2-99DA-EA7F7F3000CE}.Debug|Any CPU.Build.0 = Debug|Any CPU
		{37414AC6-CFA2-4BC2-99DA-EA7F7F3000CE}.Release|Any CPU.ActiveCfg = Release|Any CPU
		{37414AC6-CFA2-4BC2-99DA-EA7F7F3000CE}.Release|Any CPU.Build.0 = Release|Any CPU
	EndGlobalSection
	GlobalSection(SolutionProperties) = preSolution
		HideSolutionNode = FALSE
	EndGlobalSection
	GlobalSection(ExtensibilityGlobals) = postSolution
		SolutionGuid = {A42F53AE-CEEC-4C1B-917A-CF2F52A48537}
	EndGlobalSection
EndGlobal
